{
  "name": "pwa-funeraria",
  "lockfileVersion": 3,
  "requires": true,
  "packages": {
    "": {
      "dependencies": {
        "go-mokapi": "^0.13.2"
      }
    },
    "node_modules/go-mokapi": {
      "version": "0.13.2",
      "resolved": "https://registry.npmjs.org/go-mokapi/-/go-mokapi-0.13.2.tgz",
      "integrity": "sha512-L0eDO7+JM6eMsuNZVf7Wd+EQ8Y9r5mhA5DaGLATeg/bDKeQyoVqp+1COS9/NKikqy1mxhs3t1CETGDhVTiyOoQ==",
      "license": "MIT",
      "bin": {
        "mokapi": "bin/mokapi.js"
      }
    }
  }
}
